// !$*UTF8*$!
{
	archiveVersion = 1;
	classes = {
	};
	objectVersion = 50;
	objects = {

/* Begin PBXBuildFile section */
		2E167A82254B3B7B009C393D /* NewsViewController.swift in Sources */ = {isa = PBXBuildFile; fileRef = 2E167A81254B3B7B009C393D /* NewsViewController.swift */; };
		2E167A85254B3BAF009C393D /* MessegeViewController.swift in Sources */ = {isa = PBXBuildFile; fileRef = 2E167A84254B3BAF009C393D /* MessegeViewController.swift */; };
		2E31BB53254B267800111264 /* TabBar.swift in Sources */ = {isa = PBXBuildFile; fileRef = 2E31BB52254B267800111264 /* TabBar.swift */; };
		2E32190F254877EB006461B1 /* LikeControl.swift in Sources */ = {isa = PBXBuildFile; fileRef = 2E32190E254877EB006461B1 /* LikeControl.swift */; };
		2E3219142548A6B2006461B1 /* LetterPicker.swift in Sources */ = {isa = PBXBuildFile; fileRef = 2E3219132548A6B2006461B1 /* LetterPicker.swift */; };
		2E8D36512539D37D00819D9B /* AppDelegate.swift in Sources */ = {isa = PBXBuildFile; fileRef = 2E8D36502539D37D00819D9B /* AppDelegate.swift */; };
		2E8D36532539D37D00819D9B /* SceneDelegate.swift in Sources */ = {isa = PBXBuildFile; fileRef = 2E8D36522539D37D00819D9B /* SceneDelegate.swift */; };
		2E8D36582539D37D00819D9B /* Main.storyboard in Resources */ = {isa = PBXBuildFile; fileRef = 2E8D36562539D37D00819D9B /* Main.storyboard */; };
		2E8D365A2539D38100819D9B /* Assets.xcassets in Resources */ = {isa = PBXBuildFile; fileRef = 2E8D36592539D38100819D9B /* Assets.xcassets */; };
		2E8D365D2539D38100819D9B /* LaunchScreen.storyboard in Resources */ = {isa = PBXBuildFile; fileRef = 2E8D365B2539D38100819D9B /* LaunchScreen.storyboard */; };
		2E8D3671253A3DED00819D9B /* LoginViewController.swift in Sources */ = {isa = PBXBuildFile; fileRef = 2E8D3670253A3DED00819D9B /* LoginViewController.swift */; };
		2E8D36B4253C368B00819D9B /* AllGroupsViewController.swift in Sources */ = {isa = PBXBuildFile; fileRef = 2E8D36B3253C368B00819D9B /* AllGroupsViewController.swift */; };
		2E8D36B7253C36AE00819D9B /* MyGroupsViewController.swift in Sources */ = {isa = PBXBuildFile; fileRef = 2E8D36B6253C36AE00819D9B /* MyGroupsViewController.swift */; };
		2E8D36C0253D8D7B00819D9B /* User.swift in Sources */ = {isa = PBXBuildFile; fileRef = 2E8D36BF253D8D7B00819D9B /* User.swift */; };
		2EC13B00254839D9007CE8F8 /* AvatarView.swift in Sources */ = {isa = PBXBuildFile; fileRef = 2EC13AFF254839D9007CE8F8 /* AvatarView.swift */; };
		2EC13B0325484714007CE8F8 /* FreindCell.swift in Sources */ = {isa = PBXBuildFile; fileRef = 2EC13B0225484714007CE8F8 /* FreindCell.swift */; };
		2EC4F733254DFFF90004761F /* NewsCell.swift in Sources */ = {isa = PBXBuildFile; fileRef = 2EC4F732254DFFF90004761F /* NewsCell.swift */; };
		2EC4F736254E00890004761F /* NewsCell.xib in Resources */ = {isa = PBXBuildFile; fileRef = 2EC4F735254E00880004761F /* NewsCell.xib */; };
		2EE3B1C025441FFC007B378F /* FreindsTableViewController.swift in Sources */ = {isa = PBXBuildFile; fileRef = 2EE3B1BF25441FFC007B378F /* FreindsTableViewController.swift */; };
		2EE3B1C325443628007B378F /* PhotosViewController.swift in Sources */ = {isa = PBXBuildFile; fileRef = 2EE3B1C225443628007B378F /* PhotosViewController.swift */; };
		2EE3B1CB2544373E007B378F /* PhotoCell.swift in Sources */ = {isa = PBXBuildFile; fileRef = 2EE3B1CA2544373E007B378F /* PhotoCell.swift */; };
		2EE3B1CE25445015007B378F /* Lorem.swift in Sources */ = {isa = PBXBuildFile; fileRef = 2EE3B1CD25445015007B378F /* Lorem.swift */; };
		2EE3B1D62544A560007B378F /* UIColor.swift in Sources */ = {isa = PBXBuildFile; fileRef = 2EE3B1D52544A560007B378F /* UIColor.swift */; };
		2EE3B1ED2544D267007B378F /* ViewPhotoController.swift in Sources */ = {isa = PBXBuildFile; fileRef = 2EE3B1EC2544D267007B378F /* ViewPhotoController.swift */; };
		2EFA31C12549F842004A42F2 /* GroupCell.swift in Sources */ = {isa = PBXBuildFile; fileRef = 2EFA31C02549F842004A42F2 /* GroupCell.swift */; };
		2EFA31C42549F886004A42F2 /* GroupView.swift in Sources */ = {isa = PBXBuildFile; fileRef = 2EFA31C32549F886004A42F2 /* GroupView.swift */; };
/* End PBXBuildFile section */

/* Begin PBXFileReference section */
		2E167A81254B3B7B009C393D /* NewsViewController.swift */ = {isa = PBXFileReference; lastKnownFileType = sourcecode.swift; path = NewsViewController.swift; sourceTree = "<group>"; };
		2E167A84254B3BAF009C393D /* MessegeViewController.swift */ = {isa = PBXFileReference; lastKnownFileType = sourcecode.swift; path = MessegeViewController.swift; sourceTree = "<group>"; };
		2E31BB52254B267800111264 /* TabBar.swift */ = {isa = PBXFileReference; lastKnownFileType = sourcecode.swift; path = TabBar.swift; sourceTree = "<group>"; };
		2E32190E254877EB006461B1 /* LikeControl.swift */ = {isa = PBXFileReference; lastKnownFileType = sourcecode.swift; path = LikeControl.swift; sourceTree = "<group>"; };
		2E3219132548A6B2006461B1 /* LetterPicker.swift */ = {isa = PBXFileReference; lastKnownFileType = sourcecode.swift; path = LetterPicker.swift; sourceTree = "<group>"; };
		2E8D364D2539D37D00819D9B /* VKnewClient.app */ = {isa = PBXFileReference; explicitFileType = wrapper.application; includeInIndex = 0; path = VKnewClient.app; sourceTree = BUILT_PRODUCTS_DIR; };
		2E8D36502539D37D00819D9B /* AppDelegate.swift */ = {isa = PBXFileReference; lastKnownFileType = sourcecode.swift; path = AppDelegate.swift; sourceTree = "<group>"; };
		2E8D36522539D37D00819D9B /* SceneDelegate.swift */ = {isa = PBXFileReference; lastKnownFileType = sourcecode.swift; path = SceneDelegate.swift; sourceTree = "<group>"; };
		2E8D36572539D37D00819D9B /* Base */ = {isa = PBXFileReference; lastKnownFileType = file.storyboard; name = Base; path = Base.lproj/Main.storyboard; sourceTree = "<group>"; };
		2E8D36592539D38100819D9B /* Assets.xcassets */ = {isa = PBXFileReference; lastKnownFileType = folder.assetcatalog; path = Assets.xcassets; sourceTree = "<group>"; };
		2E8D365C2539D38100819D9B /* Base */ = {isa = PBXFileReference; lastKnownFileType = file.storyboard; name = Base; path = Base.lproj/LaunchScreen.storyboard; sourceTree = "<group>"; };
		2E8D365E2539D38100819D9B /* Info.plist */ = {isa = PBXFileReference; lastKnownFileType = text.plist.xml; path = Info.plist; sourceTree = "<group>"; };
		2E8D3670253A3DED00819D9B /* LoginViewController.swift */ = {isa = PBXFileReference; lastKnownFileType = sourcecode.swift; path = LoginViewController.swift; sourceTree = "<group>"; };
		2E8D36B3253C368B00819D9B /* AllGroupsViewController.swift */ = {isa = PBXFileReference; lastKnownFileType = sourcecode.swift; path = AllGroupsViewController.swift; sourceTree = "<group>"; };
		2E8D36B6253C36AE00819D9B /* MyGroupsViewController.swift */ = {isa = PBXFileReference; lastKnownFileType = sourcecode.swift; path = MyGroupsViewController.swift; sourceTree = "<group>"; };
		2E8D36BF253D8D7B00819D9B /* User.swift */ = {isa = PBXFileReference; lastKnownFileType = sourcecode.swift; path = User.swift; sourceTree = "<group>"; };
		2EC13AFF254839D9007CE8F8 /* AvatarView.swift */ = {isa = PBXFileReference; lastKnownFileType = sourcecode.swift; path = AvatarView.swift; sourceTree = "<group>"; };
		2EC13B0225484714007CE8F8 /* FreindCell.swift */ = {isa = PBXFileReference; lastKnownFileType = sourcecode.swift; path = FreindCell.swift; sourceTree = "<group>"; };
		2EC4F732254DFFF90004761F /* NewsCell.swift */ = {isa = PBXFileReference; lastKnownFileType = sourcecode.swift; path = NewsCell.swift; sourceTree = "<group>"; };
		2EC4F735254E00880004761F /* NewsCell.xib */ = {isa = PBXFileReference; lastKnownFileType = file.xib; path = NewsCell.xib; sourceTree = "<group>"; };
		2EE3B1BF25441FFC007B378F /* FreindsTableViewController.swift */ = {isa = PBXFileReference; lastKnownFileType = sourcecode.swift; path = FreindsTableViewController.swift; sourceTree = "<group>"; };
		2EE3B1C225443628007B378F /* PhotosViewController.swift */ = {isa = PBXFileReference; lastKnownFileType = sourcecode.swift; path = PhotosViewController.swift; sourceTree = "<group>"; };
		2EE3B1CA2544373E007B378F /* PhotoCell.swift */ = {isa = PBXFileReference; lastKnownFileType = sourcecode.swift; path = PhotoCell.swift; sourceTree = "<group>"; };
		2EE3B1CD25445015007B378F /* Lorem.swift */ = {isa = PBXFileReference; fileEncoding = 4; lastKnownFileType = sourcecode.swift; path = Lorem.swift; sourceTree = "<group>"; };
		2EE3B1D52544A560007B378F /* UIColor.swift */ = {isa = PBXFileReference; lastKnownFileType = sourcecode.swift; path = UIColor.swift; sourceTree = "<group>"; };
		2EE3B1EC2544D267007B378F /* ViewPhotoController.swift */ = {isa = PBXFileReference; lastKnownFileType = sourcecode.swift; path = ViewPhotoController.swift; sourceTree = "<group>"; };
		2EFA31C02549F842004A42F2 /* GroupCell.swift */ = {isa = PBXFileReference; lastKnownFileType = sourcecode.swift; path = GroupCell.swift; sourceTree = "<group>"; };
		2EFA31C32549F886004A42F2 /* GroupView.swift */ = {isa = PBXFileReference; lastKnownFileType = sourcecode.swift; path = GroupView.swift; sourceTree = "<group>"; };
/* End PBXFileReference section */

/* Begin PBXFrameworksBuildPhase section */
		2E8D364A2539D37D00819D9B /* Frameworks */ = {
			isa = PBXFrameworksBuildPhase;
			buildActionMask = 2147483647;
			files = (
			);
			runOnlyForDeploymentPostprocessing = 0;
		};
/* End PBXFrameworksBuildPhase section */

/* Begin PBXGroup section */
		2E8D36442539D37D00819D9B = {
			isa = PBXGroup;
			children = (
				2E8D364F2539D37D00819D9B /* VKnewClient */,
				2E8D364E2539D37D00819D9B /* Products */,
			);
			sourceTree = "<group>";
		};
		2E8D364E2539D37D00819D9B /* Products */ = {
			isa = PBXGroup;
			children = (
				2E8D364D2539D37D00819D9B /* VKnewClient.app */,
			);
			name = Products;
			sourceTree = "<group>";
		};
		2E8D364F2539D37D00819D9B /* VKnewClient */ = {
			isa = PBXGroup;
			children = (
				2E8D365E2539D38100819D9B /* Info.plist */,
				2E8D36672539D3B600819D9B /* App */,
				2E8D36652539D38E00819D9B /* Model */,
				2E8D36662539D39F00819D9B /* View */,
				2E8D36682539D3CE00819D9B /* Controller */,
			);
			path = VKnewClient;
			sourceTree = "<group>";
		};
		2E8D36652539D38E00819D9B /* Model */ = {
			isa = PBXGroup;
			children = (
				2E8D36BF253D8D7B00819D9B /* User.swift */,
				2EE3B1CD25445015007B378F /* Lorem.swift */,
				2EE3B1D52544A560007B378F /* UIColor.swift */,
			);
			path = Model;
			sourceTree = "<group>";
		};
		2E8D36662539D39F00819D9B /* View */ = {
			isa = PBXGroup;
			children = (
				2E8D369F253B946800819D9B /* Cells */,
				2EE3B1D025448A66007B378F /* Castom */,
			);
			path = View;
			sourceTree = "<group>";
		};
		2E8D36672539D3B600819D9B /* App */ = {
			isa = PBXGroup;
			children = (
				2E8D36592539D38100819D9B /* Assets.xcassets */,
				2E8D36502539D37D00819D9B /* AppDelegate.swift */,
				2E8D36522539D37D00819D9B /* SceneDelegate.swift */,
				2E8D365B2539D38100819D9B /* LaunchScreen.storyboard */,
				2E8D36562539D37D00819D9B /* Main.storyboard */,
			);
			path = App;
			sourceTree = "<group>";
		};
		2E8D36682539D3CE00819D9B /* Controller */ = {
			isa = PBXGroup;
			children = (
				2E8D3670253A3DED00819D9B /* LoginViewController.swift */,
				2E31BB52254B267800111264 /* TabBar.swift */,
				2E8D36B3253C368B00819D9B /* AllGroupsViewController.swift */,
				2E8D36B6253C36AE00819D9B /* MyGroupsViewController.swift */,
				2EE3B1BF25441FFC007B378F /* FreindsTableViewController.swift */,
				2EE3B1C225443628007B378F /* PhotosViewController.swift */,
				2EE3B1EC2544D267007B378F /* ViewPhotoController.swift */,
				2E167A81254B3B7B009C393D /* NewsViewController.swift */,
				2E167A84254B3BAF009C393D /* MessegeViewController.swift */,
			);
			path = Controller;
			sourceTree = "<group>";
		};
		2E8D369F253B946800819D9B /* Cells */ = {
			isa = PBXGroup;
			children = (
				2EE3B1CA2544373E007B378F /* PhotoCell.swift */,
				2EC13B0225484714007CE8F8 /* FreindCell.swift */,
				2EFA31C02549F842004A42F2 /* GroupCell.swift */,
				2EC4F732254DFFF90004761F /* NewsCell.swift */,
				2EC4F735254E00880004761F /* NewsCell.xib */,
			);
			path = Cells;
			sourceTree = "<group>";
		};
		2EE3B1D025448A66007B378F /* Castom */ = {
			isa = PBXGroup;
			children = (
				2E32190E254877EB006461B1 /* LikeControl.swift */,
				2EC13AFF254839D9007CE8F8 /* AvatarView.swift */,
				2EFA31C32549F886004A42F2 /* GroupView.swift */,
				2E3219132548A6B2006461B1 /* LetterPicker.swift */,
			);
			path = Castom;
			sourceTree = "<group>";
		};
/* End PBXGroup section */

/* Begin PBXNativeTarget section */
		2E8D364C2539D37D00819D9B /* VKnewClient */ = {
			isa = PBXNativeTarget;
			buildConfigurationList = 2E8D36612539D38100819D9B /* Build configuration list for PBXNativeTarget "VKnewClient" */;
			buildPhases = (
				2E8D36492539D37D00819D9B /* Sources */,
				2E8D364A2539D37D00819D9B /* Frameworks */,
				2E8D364B2539D37D00819D9B /* Resources */,
			);
			buildRules = (
			);
			dependencies = (
			);
			name = VKnewClient;
			productName = VKnewClient;
			productReference = 2E8D364D2539D37D00819D9B /* VKnewClient.app */;
			productType = "com.apple.product-type.application";
		};
/* End PBXNativeTarget section */

/* Begin PBXProject section */
		2E8D36452539D37D00819D9B /* Project object */ = {
			isa = PBXProject;
			attributes = {
				LastSwiftUpdateCheck = 1200;
				LastUpgradeCheck = 1200;
				TargetAttributes = {
					2E8D364C2539D37D00819D9B = {
						CreatedOnToolsVersion = 12.0.1;
					};
				};
			};
			buildConfigurationList = 2E8D36482539D37D00819D9B /* Build configuration list for PBXProject "VKnewClient" */;
			compatibilityVersion = "Xcode 9.3";
			developmentRegion = en;
			hasScannedForEncodings = 0;
			knownRegions = (
				en,
				Base,
			);
			mainGroup = 2E8D36442539D37D00819D9B;
			productRefGroup = 2E8D364E2539D37D00819D9B /* Products */;
			projectDirPath = "";
			projectRoot = "";
			targets = (
				2E8D364C2539D37D00819D9B /* VKnewClient */,
			);
		};
/* End PBXProject section */

/* Begin PBXResourcesBuildPhase section */
		2E8D364B2539D37D00819D9B /* Resources */ = {
			isa = PBXResourcesBuildPhase;
			buildActionMask = 2147483647;
			files = (
				2E8D365D2539D38100819D9B /* LaunchScreen.storyboard in Resources */,
				2EC4F736254E00890004761F /* NewsCell.xib in Resources */,
				2E8D365A2539D38100819D9B /* Assets.xcassets in Resources */,
				2E8D36582539D37D00819D9B /* Main.storyboard in Resources */,
			);
			runOnlyForDeploymentPostprocessing = 0;
		};
/* End PBXResourcesBuildPhase section */

/* Begin PBXSourcesBuildPhase section */
		2E8D36492539D37D00819D9B /* Sources */ = {
			isa = PBXSourcesBuildPhase;
			buildActionMask = 2147483647;
			files = (
				2E8D36B4253C368B00819D9B /* AllGroupsViewController.swift in Sources */,
				2EE3B1D62544A560007B378F /* UIColor.swift in Sources */,
				2E31BB53254B267800111264 /* TabBar.swift in Sources */,
				2E167A85254B3BAF009C393D /* MessegeViewController.swift in Sources */,
				2EC4F733254DFFF90004761F /* NewsCell.swift in Sources */,
				2E167A82254B3B7B009C393D /* NewsViewController.swift in Sources */,
				2EC13B0325484714007CE8F8 /* FreindCell.swift in Sources */,
				2EE3B1CE25445015007B378F /* Lorem.swift in Sources */,
				2EE3B1ED2544D267007B378F /* ViewPhotoController.swift in Sources */,
				2EC13B00254839D9007CE8F8 /* AvatarView.swift in Sources */,
				2EE3B1C025441FFC007B378F /* FreindsTableViewController.swift in Sources */,
				2EE3B1CB2544373E007B378F /* PhotoCell.swift in Sources */,
				2EFA31C12549F842004A42F2 /* GroupCell.swift in Sources */,
				2E3219142548A6B2006461B1 /* LetterPicker.swift in Sources */,
				2E8D3671253A3DED00819D9B /* LoginViewController.swift in Sources */,
				2E8D36512539D37D00819D9B /* AppDelegate.swift in Sources */,
				2E8D36532539D37D00819D9B /* SceneDelegate.swift in Sources */,
				2E8D36B7253C36AE00819D9B /* MyGroupsViewController.swift in Sources */,
				2E8D36C0253D8D7B00819D9B /* User.swift in Sources */,
				2E32190F254877EB006461B1 /* LikeControl.swift in Sources */,
				2EFA31C42549F886004A42F2 /* GroupView.swift in Sources */,
				2EE3B1C325443628007B378F /* PhotosViewController.swift in Sources */,
			);
			runOnlyForDeploymentPostprocessing = 0;
		};
/* End PBXSourcesBuildPhase section */

/* Begin PBXVariantGroup section */
		2E8D36562539D37D00819D9B /* Main.storyboard */ = {
			isa = PBXVariantGroup;
			children = (
				2E8D36572539D37D00819D9B /* Base */,
			);
			name = Main.storyboard;
			sourceTree = "<group>";
		};
		2E8D365B2539D38100819D9B /* LaunchScreen.storyboard */ = {
			isa = PBXVariantGroup;
			children = (
				2E8D365C2539D38100819D9B /* Base */,
			);
			name = LaunchScreen.storyboard;
			sourceTree = "<group>";
		};
/* End PBXVariantGroup section */

/* Begin XCBuildConfiguration section */
		2E8D365F2539D38100819D9B /* Debug */ = {
			isa = XCBuildConfiguration;
			buildSettings = {
				ALWAYS_SEARCH_USER_PATHS = NO;
				CLANG_ANALYZER_NONNULL = YES;
				CLANG_ANALYZER_NUMBER_OBJECT_CONVERSION = YES_AGGRESSIVE;
				CLANG_CXX_LANGUAGE_STANDARD = "gnu++14";
				CLANG_CXX_LIBRARY = "libc++";
				CLANG_ENABLE_MODULES = YES;
				CLANG_ENABLE_OBJC_ARC = YES;
				CLANG_ENABLE_OBJC_WEAK = YES;
				CLANG_WARN_BLOCK_CAPTURE_AUTORELEASING = YES;
				CLANG_WARN_BOOL_CONVERSION = YES;
				CLANG_WARN_COMMA = YES;
				CLANG_WARN_CONSTANT_CONVERSION = YES;
				CLANG_WARN_DEPRECATED_OBJC_IMPLEMENTATIONS = YES;
				CLANG_WARN_DIRECT_OBJC_ISA_USAGE = YES_ERROR;
				CLANG_WARN_DOCUMENTATION_COMMENTS = YES;
				CLANG_WARN_EMPTY_BODY = YES;
				CLANG_WARN_ENUM_CONVERSION = YES;
				CLANG_WARN_INFINITE_RECURSION = YES;
				CLANG_WARN_INT_CONVERSION = YES;
				CLANG_WARN_NON_LITERAL_NULL_CONVERSION = YES;
				CLANG_WARN_OBJC_IMPLICIT_RETAIN_SELF = YES;
				CLANG_WARN_OBJC_LITERAL_CONVERSION = YES;
				CLANG_WARN_OBJC_ROOT_CLASS = YES_ERROR;
				CLANG_WARN_QUOTED_INCLUDE_IN_FRAMEWORK_HEADER = YES;
				CLANG_WARN_RANGE_LOOP_ANALYSIS = YES;
				CLANG_WARN_STRICT_PROTOTYPES = YES;
				CLANG_WARN_SUSPICIOUS_MOVE = YES;
				CLANG_WARN_UNGUARDED_AVAILABILITY = YES_AGGRESSIVE;
				CLANG_WARN_UNREACHABLE_CODE = YES;
				CLANG_WARN__DUPLICATE_METHOD_MATCH = YES;
				COPY_PHASE_STRIP = NO;
				DEBUG_INFORMATION_FORMAT = dwarf;
				ENABLE_STRICT_OBJC_MSGSEND = YES;
				ENABLE_TESTABILITY = YES;
				GCC_C_LANGUAGE_STANDARD = gnu11;
				GCC_DYNAMIC_NO_PIC = NO;
				GCC_NO_COMMON_BLOCKS = YES;
				GCC_OPTIMIZATION_LEVEL = 0;
				GCC_PREPROCESSOR_DEFINITIONS = (
					"DEBUG=1",
					"$(inherited)",
				);
				GCC_WARN_64_TO_32_BIT_CONVERSION = YES;
				GCC_WARN_ABOUT_RETURN_TYPE = YES_ERROR;
				GCC_WARN_UNDECLARED_SELECTOR = YES;
				GCC_WARN_UNINITIALIZED_AUTOS = YES_AGGRESSIVE;
				GCC_WARN_UNUSED_FUNCTION = YES;
				GCC_WARN_UNUSED_VARIABLE = YES;
				IPHONEOS_DEPLOYMENT_TARGET = 14.0;
				MTL_ENABLE_DEBUG_INFO = INCLUDE_SOURCE;
				MTL_FAST_MATH = YES;
				ONLY_ACTIVE_ARCH = YES;
				SDKROOT = iphoneos;
				SWIFT_ACTIVE_COMPILATION_CONDITIONS = DEBUG;
				SWIFT_OPTIMIZATION_LEVEL = "-Onone";
			};
			name = Debug;
		};
		2E8D36602539D38100819D9B /* Release */ = {
			isa = XCBuildConfiguration;
			buildSettings = {
				ALWAYS_SEARCH_USER_PATHS = NO;
				CLANG_ANALYZER_NONNULL = YES;
				CLANG_ANALYZER_NUMBER_OBJECT_CONVERSION = YES_AGGRESSIVE;
				CLANG_CXX_LANGUAGE_STANDARD = "gnu++14";
				CLANG_CXX_LIBRARY = "libc++";
				CLANG_ENABLE_MODULES = YES;
				CLANG_ENABLE_OBJC_ARC = YES;
				CLANG_ENABLE_OBJC_WEAK = YES;
				CLANG_WARN_BLOCK_CAPTURE_AUTORELEASING = YES;
				CLANG_WARN_BOOL_CONVERSION = YES;
				CLANG_WARN_COMMA = YES;
				CLANG_WARN_CONSTANT_CONVERSION = YES;
				CLANG_WARN_DEPRECATED_OBJC_IMPLEMENTATIONS = YES;
				CLANG_WARN_DIRECT_OBJC_ISA_USAGE = YES_ERROR;
				CLANG_WARN_DOCUMENTATION_COMMENTS = YES;
				CLANG_WARN_EMPTY_BODY = YES;
				CLANG_WARN_ENUM_CONVERSION = YES;
				CLANG_WARN_INFINITE_RECURSION = YES;
				CLANG_WARN_INT_CONVERSION = YES;
				CLANG_WARN_NON_LITERAL_NULL_CONVERSION = YES;
				CLANG_WARN_OBJC_IMPLICIT_RETAIN_SELF = YES;
				CLANG_WARN_OBJC_LITERAL_CONVERSION = YES;
				CLANG_WARN_OBJC_ROOT_CLASS = YES_ERROR;
				CLANG_WARN_QUOTED_INCLUDE_IN_FRAMEWORK_HEADER = YES;
				CLANG_WARN_RANGE_LOOP_ANALYSIS = YES;
				CLANG_WARN_STRICT_PROTOTYPES = YES;
				CLANG_WARN_SUSPICIOUS_MOVE = YES;
				CLANG_WARN_UNGUARDED_AVAILABILITY = YES_AGGRESSIVE;
				CLANG_WARN_UNREACHABLE_CODE = YES;
				CLANG_WARN__DUPLICATE_METHOD_MATCH = YES;
				COPY_PHASE_STRIP = NO;
				DEBUG_INFORMATION_FORMAT = "dwarf-with-dsym";
				ENABLE_NS_ASSERTIONS = NO;
				ENABLE_STRICT_OBJC_MSGSEND = YES;
				GCC_C_LANGUAGE_STANDARD = gnu11;
				GCC_NO_COMMON_BLOCKS = YES;
				GCC_WARN_64_TO_32_BIT_CONVERSION = YES;
				GCC_WARN_ABOUT_RETURN_TYPE = YES_ERROR;
				GCC_WARN_UNDECLARED_SELECTOR = YES;
				GCC_WARN_UNINITIALIZED_AUTOS = YES_AGGRESSIVE;
				GCC_WARN_UNUSED_FUNCTION = YES;
				GCC_WARN_UNUSED_VARIABLE = YES;
				IPHONEOS_DEPLOYMENT_TARGET = 14.0;
				MTL_ENABLE_DEBUG_INFO = NO;
				MTL_FAST_MATH = YES;
				SDKROOT = iphoneos;
				SWIFT_COMPILATION_MODE = wholemodule;
				SWIFT_OPTIMIZATION_LEVEL = "-O";
				VALIDATE_PRODUCT = YES;
			};
			name = Release;
		};
		2E8D36622539D38100819D9B /* Debug */ = {
			isa = XCBuildConfiguration;
			buildSettings = {
				ASSETCATALOG_COMPILER_APPICON_NAME = AppIcon;
				ASSETCATALOG_COMPILER_GLOBAL_ACCENT_COLOR_NAME = AccentColor;
				CODE_SIGN_STYLE = Automatic;
				INFOPLIST_FILE = VKnewClient/Info.plist;
				LD_RUNPATH_SEARCH_PATHS = (
					"$(inherited)",
					"@executable_path/Frameworks",
				);
				PRODUCT_BUNDLE_IDENTIFIER = Laran.VKnewClient;
				PRODUCT_NAME = "$(TARGET_NAME)";
				SWIFT_VERSION = 5.0;
				TARGETED_DEVICE_FAMILY = "1,2";
			};
			name = Debug;
		};
		2E8D36632539D38100819D9B /* Release */ = {
			isa = XCBuildConfiguration;
			buildSettings = {
				ASSETCATALOG_COMPILER_APPICON_NAME = AppIcon;
				ASSETCATALOG_COMPILER_GLOBAL_ACCENT_COLOR_NAME = AccentColor;
				CODE_SIGN_STYLE = Automatic;
				INFOPLIST_FILE = VKnewClient/Info.plist;
				LD_RUNPATH_SEARCH_PATHS = (
					"$(inherited)",
					"@executable_path/Frameworks",
				);
				PRODUCT_BUNDLE_IDENTIFIER = Laran.VKnewClient;
				PRODUCT_NAME = "$(TARGET_NAME)";
				SWIFT_VERSION = 5.0;
				TARGETED_DEVICE_FAMILY = "1,2";
			};
			name = Release;
		};
/* End XCBuildConfiguration section */

/* Begin XCConfigurationList section */
		2E8D36482539D37D00819D9B /* Build configuration list for PBXProject "VKnewClient" */ = {
			isa = XCConfigurationList;
			buildConfigurations = (
				2E8D365F2539D38100819D9B /* Debug */,
				2E8D36602539D38100819D9B /* Release */,
			);
			defaultConfigurationIsVisible = 0;
			defaultConfigurationName = Release;
		};
		2E8D36612539D38100819D9B /* Build configuration list for PBXNativeTarget "VKnewClient" */ = {
			isa = XCConfigurationList;
			buildConfigurations = (
				2E8D36622539D38100819D9B /* Debug */,
				2E8D36632539D38100819D9B /* Release */,
			);
			defaultConfigurationIsVisible = 0;
			defaultConfigurationName = Release;
		};
/* End XCConfigurationList section */
	};
	rootObject = 2E8D36452539D37D00819D9B /* Project object */;
}
